
Microsoft Visual Studio Solution File, Format Version 12.00
# Visual Studio Version 16
VisualStudioVersion = 16.0.29509.3
MinimumVisualStudioVersion = 10.0.40219.1
Project("{FAE04EC0-301F-11D3-BF4B-00C04F79EFBC}") = "Al_Gamil", "Al_Gamil.csproj", "{501F57C5-6551-4089-9037-2FBDCFA9E196}"
EndProject
Global
	GlobalSection(SolutionConfigurationPlatforms) = preSolution
		Debug|Any CPU = Debug|Any CPU
		Release|Any CPU = Release|Any CPU
	EndGlobalSection
	GlobalSection(ProjectConfigurationPlatforms) = postSolution
		{501F57C5-6551-4089-9037-2FBDCFA9E196}.Debug|Any CPU.ActiveCfg = Debug|Any CPU
		{501F57C5-6551-4089-9037-2FBDCFA9E196}.Debug|Any CPU.Build.0 = Debug|Any CPU
		{501F57C5-6551-4089-9037-2FBDCFA9E196}.Release|Any CPU.ActiveCfg = Release|Any CPU
		{501F57C5-6551-4089-9037-2FBDCFA9E196}.Release|Any CPU.Build.0 = Release|Any CPU
	EndGlobalSection
	GlobalSection(SolutionProperties) = preSolution
		HideSolutionNode = FALSE
	EndGlobalSection
	GlobalSection(ExtensibilityGlobals) = postSolution
		SolutionGuid = {1E2FE588-D50A-4138-AEC8-0EB55E2ADC44}
	EndGlobalSection
EndGlobal
